// !$*UTF8*$!
{
	archiveVersion = 1;
	classes = {
	};
	objectVersion = 56;
	objects = {

/* Begin PBXBuildFile section */
		41131B912DB043FD00232332 /* CuisineFlags.swift in Sources */ = {isa = PBXBuildFile; fileRef = 41131B902DB043FD00232332 /* CuisineFlags.swift */; };
		41131B932DB0549400232332 /* CachedImage.swift in Sources */ = {isa = PBXBuildFile; fileRef = 41131B922DB0549400232332 /* CachedImage.swift */; };
		41131B962DB06AE300232332 /* String+Ext.swift in Sources */ = {isa = PBXBuildFile; fileRef = 41131B952DB06AE300232332 /* String+Ext.swift */; };
		415AA3BC2DAD986C00C4824F /* FetchRecipesAppApp.swift in Sources */ = {isa = PBXBuildFile; fileRef = 415AA3BB2DAD986C00C4824F /* FetchRecipesAppApp.swift */; };
		415AA3BE2DAD986C00C4824F /* ContentView.swift in Sources */ = {isa = PBXBuildFile; fileRef = 415AA3BD2DAD986C00C4824F /* ContentView.swift */; };
		415AA3C02DAD986C00C4824F /* Item.swift in Sources */ = {isa = PBXBuildFile; fileRef = 415AA3BF2DAD986C00C4824F /* Item.swift */; };
		415AA3C22DAD987300C4824F /* Assets.xcassets in Resources */ = {isa = PBXBuildFile; fileRef = 415AA3C12DAD987300C4824F /* Assets.xcassets */; };
		415AA3C52DAD987300C4824F /* Preview Assets.xcassets in Resources */ = {isa = PBXBuildFile; fileRef = 415AA3C42DAD987300C4824F /* Preview Assets.xcassets */; };
		415AA3CF2DAD987400C4824F /* FetchRecipesAppTests.swift in Sources */ = {isa = PBXBuildFile; fileRef = 415AA3CE2DAD987400C4824F /* FetchRecipesAppTests.swift */; };
		415AA3D92DAD987400C4824F /* FetchRecipesAppUITests.swift in Sources */ = {isa = PBXBuildFile; fileRef = 415AA3D82DAD987400C4824F /* FetchRecipesAppUITests.swift */; };
		415AA3DB2DAD987400C4824F /* FetchRecipesAppUITestsLaunchTests.swift in Sources */ = {isa = PBXBuildFile; fileRef = 415AA3DA2DAD987400C4824F /* FetchRecipesAppUITestsLaunchTests.swift */; };
		415AA3E82DADA13B00C4824F /* RecipesListView.swift in Sources */ = {isa = PBXBuildFile; fileRef = 415AA3E72DADA13B00C4824F /* RecipesListView.swift */; };
		415AA3EA2DADA15700C4824F /* RecipesListViewModel.swift in Sources */ = {isa = PBXBuildFile; fileRef = 415AA3E92DADA15700C4824F /* RecipesListViewModel.swift */; };
		415AA3EC2DADA16900C4824F /* RecipesDetailViewModel.swift in Sources */ = {isa = PBXBuildFile; fileRef = 415AA3EB2DADA16900C4824F /* RecipesDetailViewModel.swift */; };
		415AA3EE2DADA17D00C4824F /* RecipesDetailView.swift in Sources */ = {isa = PBXBuildFile; fileRef = 415AA3ED2DADA17D00C4824F /* RecipesDetailView.swift */; };
		415AA3F02DADA19000C4824F /* NetworkManager.swift in Sources */ = {isa = PBXBuildFile; fileRef = 415AA3EF2DADA19000C4824F /* NetworkManager.swift */; };
		415AA3F32DADA31B00C4824F /* Recipe.swift in Sources */ = {isa = PBXBuildFile; fileRef = 415AA3F12DADA31A00C4824F /* Recipe.swift */; };
		415AA3F42DADA31B00C4824F /* Recipes.swift in Sources */ = {isa = PBXBuildFile; fileRef = 415AA3F22DADA31A00C4824F /* Recipes.swift */; };
		415AA3FA2DADA3F700C4824F /* RecipeCellView.swift in Sources */ = {isa = PBXBuildFile; fileRef = 415AA3F92DADA3F700C4824F /* RecipeCellView.swift */; };
		415AA3FC2DADB5FD00C4824F /* recipies.json in Resources */ = {isa = PBXBuildFile; fileRef = 415AA3FB2DADB5FD00C4824F /* recipies.json */; };
		415AA4002DADDBF000C4824F /* RecipesCardView.swift in Sources */ = {isa = PBXBuildFile; fileRef = 415AA3FF2DADDBF000C4824F /* RecipesCardView.swift */; };
		415AA4022DADE83C00C4824F /* URLBuilder.swift in Sources */ = {isa = PBXBuildFile; fileRef = 415AA4012DADE83C00C4824F /* URLBuilder.swift */; };
		415AA4042DADE85300C4824F /* Constants.swift in Sources */ = {isa = PBXBuildFile; fileRef = 415AA4032DADE85300C4824F /* Constants.swift */; };
		415AA40B2DADF09D00C4824F /* GCD.swift in Sources */ = {isa = PBXBuildFile; fileRef = 415AA40A2DADF09D00C4824F /* GCD.swift */; };
		415AA40D2DADF0B700C4824F /* ErrorMessages.swift in Sources */ = {isa = PBXBuildFile; fileRef = 415AA40C2DADF0B700C4824F /* ErrorMessages.swift */; };
		415AA40F2DAE1B8E00C4824F /* ImageCache.swift in Sources */ = {isa = PBXBuildFile; fileRef = 415AA40E2DAE1B8E00C4824F /* ImageCache.swift */; };
		415AA4112DAE1D2400C4824F /* ImageCacheManager.swift in Sources */ = {isa = PBXBuildFile; fileRef = 415AA4102DAE1D2400C4824F /* ImageCacheManager.swift */; };
		415AA4132DAE1D4400C4824F /* ImageFetcher.swift in Sources */ = {isa = PBXBuildFile; fileRef = 415AA4122DAE1D4400C4824F /* ImageFetcher.swift */; };
		415AA4152DAECD3400C4824F /* DebugView.swift in Sources */ = {isa = PBXBuildFile; fileRef = 415AA4142DAECD3400C4824F /* DebugView.swift */; };
		415AA4172DAF0A9100C4824F /* recipiesMalformed.json in Resources */ = {isa = PBXBuildFile; fileRef = 415AA4162DAF0A9100C4824F /* recipiesMalformed.json */; };
		415AA41B2DAF0ACF00C4824F /* recipiesEmpty.json in Resources */ = {isa = PBXBuildFile; fileRef = 415AA41A2DAF0ACF00C4824F /* recipiesEmpty.json */; };
/* End PBXBuildFile section */

/* Begin PBXContainerItemProxy section */
		415AA3CB2DAD987400C4824F /* PBXContainerItemProxy */ = {
			isa = PBXContainerItemProxy;
			containerPortal = 415AA3B02DAD986B00C4824F /* Project object */;
			proxyType = 1;
			remoteGlobalIDString = 415AA3B72DAD986C00C4824F;
			remoteInfo = FetchRecipesApp;
		};
		415AA3D52DAD987400C4824F /* PBXContainerItemProxy */ = {
			isa = PBXContainerItemProxy;
			containerPortal = 415AA3B02DAD986B00C4824F /* Project object */;
			proxyType = 1;
			remoteGlobalIDString = 415AA3B72DAD986C00C4824F;
			remoteInfo = FetchRecipesApp;
		};
/* End PBXContainerItemProxy section */

/* Begin PBXFileReference section */
		41131B902DB043FD00232332 /* CuisineFlags.swift */ = {isa = PBXFileReference; lastKnownFileType = sourcecode.swift; path = CuisineFlags.swift; sourceTree = "<group>"; };
		41131B922DB0549400232332 /* CachedImage.swift */ = {isa = PBXFileReference; lastKnownFileType = sourcecode.swift; path = CachedImage.swift; sourceTree = "<group>"; };
		41131B952DB06AE300232332 /* String+Ext.swift */ = {isa = PBXFileReference; lastKnownFileType = sourcecode.swift; path = "String+Ext.swift"; sourceTree = "<group>"; };
		415AA3B82DAD986C00C4824F /* FetchRecipesApp.app */ = {isa = PBXFileReference; explicitFileType = wrapper.application; includeInIndex = 0; path = FetchRecipesApp.app; sourceTree = BUILT_PRODUCTS_DIR; };
		415AA3BB2DAD986C00C4824F /* FetchRecipesAppApp.swift */ = {isa = PBXFileReference; lastKnownFileType = sourcecode.swift; path = FetchRecipesAppApp.swift; sourceTree = "<group>"; };
		415AA3BD2DAD986C00C4824F /* ContentView.swift */ = {isa = PBXFileReference; lastKnownFileType = sourcecode.swift; path = ContentView.swift; sourceTree = "<group>"; };
		415AA3BF2DAD986C00C4824F /* Item.swift */ = {isa = PBXFileReference; lastKnownFileType = sourcecode.swift; path = Item.swift; sourceTree = "<group>"; };
		415AA3C12DAD987300C4824F /* Assets.xcassets */ = {isa = PBXFileReference; lastKnownFileType = folder.assetcatalog; path = Assets.xcassets; sourceTree = "<group>"; };
		415AA3C42DAD987300C4824F /* Preview Assets.xcassets */ = {isa = PBXFileReference; lastKnownFileType = folder.assetcatalog; path = "Preview Assets.xcassets"; sourceTree = "<group>"; };
		415AA3CA2DAD987400C4824F /* FetchRecipesAppTests.xctest */ = {isa = PBXFileReference; explicitFileType = wrapper.cfbundle; includeInIndex = 0; path = FetchRecipesAppTests.xctest; sourceTree = BUILT_PRODUCTS_DIR; };
		415AA3CE2DAD987400C4824F /* FetchRecipesAppTests.swift */ = {isa = PBXFileReference; lastKnownFileType = sourcecode.swift; path = FetchRecipesAppTests.swift; sourceTree = "<group>"; };
		415AA3D42DAD987400C4824F /* FetchRecipesAppUITests.xctest */ = {isa = PBXFileReference; explicitFileType = wrapper.cfbundle; includeInIndex = 0; path = FetchRecipesAppUITests.xctest; sourceTree = BUILT_PRODUCTS_DIR; };
		415AA3D82DAD987400C4824F /* FetchRecipesAppUITests.swift */ = {isa = PBXFileReference; lastKnownFileType = sourcecode.swift; path = FetchRecipesAppUITests.swift; sourceTree = "<group>"; };
		415AA3DA2DAD987400C4824F /* FetchRecipesAppUITestsLaunchTests.swift */ = {isa = PBXFileReference; lastKnownFileType = sourcecode.swift; path = FetchRecipesAppUITestsLaunchTests.swift; sourceTree = "<group>"; };
		415AA3E72DADA13B00C4824F /* RecipesListView.swift */ = {isa = PBXFileReference; lastKnownFileType = sourcecode.swift; path = RecipesListView.swift; sourceTree = "<group>"; };
		415AA3E92DADA15700C4824F /* RecipesListViewModel.swift */ = {isa = PBXFileReference; lastKnownFileType = sourcecode.swift; path = RecipesListViewModel.swift; sourceTree = "<group>"; };
		415AA3EB2DADA16900C4824F /* RecipesDetailViewModel.swift */ = {isa = PBXFileReference; lastKnownFileType = sourcecode.swift; path = RecipesDetailViewModel.swift; sourceTree = "<group>"; };
		415AA3ED2DADA17D00C4824F /* RecipesDetailView.swift */ = {isa = PBXFileReference; lastKnownFileType = sourcecode.swift; path = RecipesDetailView.swift; sourceTree = "<group>"; };
		415AA3EF2DADA19000C4824F /* NetworkManager.swift */ = {isa = PBXFileReference; lastKnownFileType = sourcecode.swift; path = NetworkManager.swift; sourceTree = "<group>"; };
		415AA3F12DADA31A00C4824F /* Recipe.swift */ = {isa = PBXFileReference; fileEncoding = 4; lastKnownFileType = sourcecode.swift; path = Recipe.swift; sourceTree = "<group>"; };
		415AA3F22DADA31A00C4824F /* Recipes.swift */ = {isa = PBXFileReference; fileEncoding = 4; lastKnownFileType = sourcecode.swift; path = Recipes.swift; sourceTree = "<group>"; };
		415AA3F92DADA3F700C4824F /* RecipeCellView.swift */ = {isa = PBXFileReference; lastKnownFileType = sourcecode.swift; path = RecipeCellView.swift; sourceTree = "<group>"; };
		415AA3FB2DADB5FD00C4824F /* recipies.json */ = {isa = PBXFileReference; lastKnownFileType = text.json; path = recipies.json; sourceTree = "<group>"; };
		415AA3FF2DADDBF000C4824F /* RecipesCardView.swift */ = {isa = PBXFileReference; lastKnownFileType = sourcecode.swift; path = RecipesCardView.swift; sourceTree = "<group>"; };
		415AA4012DADE83C00C4824F /* URLBuilder.swift */ = {isa = PBXFileReference; lastKnownFileType = sourcecode.swift; path = URLBuilder.swift; sourceTree = "<group>"; };
		415AA4032DADE85300C4824F /* Constants.swift */ = {isa = PBXFileReference; lastKnownFileType = sourcecode.swift; path = Constants.swift; sourceTree = "<group>"; };
		415AA40A2DADF09D00C4824F /* GCD.swift */ = {isa = PBXFileReference; lastKnownFileType = sourcecode.swift; path = GCD.swift; sourceTree = "<group>"; };
		415AA40C2DADF0B700C4824F /* ErrorMessages.swift */ = {isa = PBXFileReference; lastKnownFileType = sourcecode.swift; path = ErrorMessages.swift; sourceTree = "<group>"; };
		415AA40E2DAE1B8E00C4824F /* ImageCache.swift */ = {isa = PBXFileReference; lastKnownFileType = sourcecode.swift; path = ImageCache.swift; sourceTree = "<group>"; };
		415AA4102DAE1D2400C4824F /* ImageCacheManager.swift */ = {isa = PBXFileReference; lastKnownFileType = sourcecode.swift; path = ImageCacheManager.swift; sourceTree = "<group>"; };
		415AA4122DAE1D4400C4824F /* ImageFetcher.swift */ = {isa = PBXFileReference; lastKnownFileType = sourcecode.swift; path = ImageFetcher.swift; sourceTree = "<group>"; };
		415AA4142DAECD3400C4824F /* DebugView.swift */ = {isa = PBXFileReference; lastKnownFileType = sourcecode.swift; path = DebugView.swift; sourceTree = "<group>"; };
		415AA4162DAF0A9100C4824F /* recipiesMalformed.json */ = {isa = PBXFileReference; lastKnownFileType = text.json; path = recipiesMalformed.json; sourceTree = "<group>"; };
		415AA41A2DAF0ACF00C4824F /* recipiesEmpty.json */ = {isa = PBXFileReference; lastKnownFileType = text.json; path = recipiesEmpty.json; sourceTree = "<group>"; };
/* End PBXFileReference section */

/* Begin PBXFrameworksBuildPhase section */
		415AA3B52DAD986C00C4824F /* Frameworks */ = {
			isa = PBXFrameworksBuildPhase;
			buildActionMask = 2147483647;
			files = (
			);
			runOnlyForDeploymentPostprocessing = 0;
		};
		415AA3C72DAD987400C4824F /* Frameworks */ = {
			isa = PBXFrameworksBuildPhase;
			buildActionMask = 2147483647;
			files = (
			);
			runOnlyForDeploymentPostprocessing = 0;
		};
		415AA3D12DAD987400C4824F /* Frameworks */ = {
			isa = PBXFrameworksBuildPhase;
			buildActionMask = 2147483647;
			files = (
			);
			runOnlyForDeploymentPostprocessing = 0;
		};
/* End PBXFrameworksBuildPhase section */

/* Begin PBXGroup section */
		41131B942DB05DF500232332 /* Mock Data */ = {
			isa = PBXGroup;
			children = (
				415AA3FB2DADB5FD00C4824F /* recipies.json */,
				415AA4162DAF0A9100C4824F /* recipiesMalformed.json */,
				415AA41A2DAF0ACF00C4824F /* recipiesEmpty.json */,
			);
			path = "Mock Data";
			sourceTree = "<group>";
		};
		415AA3AF2DAD986B00C4824F = {
			isa = PBXGroup;
			children = (
				415AA3BA2DAD986C00C4824F /* FetchRecipesApp */,
				415AA3CD2DAD987400C4824F /* FetchRecipesAppTests */,
				415AA3D72DAD987400C4824F /* FetchRecipesAppUITests */,
				415AA3B92DAD986C00C4824F /* Products */,
			);
			sourceTree = "<group>";
		};
		415AA3B92DAD986C00C4824F /* Products */ = {
			isa = PBXGroup;
			children = (
				415AA3B82DAD986C00C4824F /* FetchRecipesApp.app */,
				415AA3CA2DAD987400C4824F /* FetchRecipesAppTests.xctest */,
				415AA3D42DAD987400C4824F /* FetchRecipesAppUITests.xctest */,
			);
			name = Products;
			sourceTree = "<group>";
		};
		415AA3BA2DAD986C00C4824F /* FetchRecipesApp */ = {
			isa = PBXGroup;
			children = (
				415AA4062DADE9C600C4824F /* App */,
				415AA3F52DADA36700C4824F /* Views */,
				415AA3F62DADA37000C4824F /* ViewModels */,
				415AA3F72DADA38500C4824F /* Models */,
				415AA3F82DADA38B00C4824F /* Networking */,
				415AA4072DADF05A00C4824F /* Extensions */,
				415AA4052DADE9B800C4824F /* Utilities */,
				41131B942DB05DF500232332 /* Mock Data */,
				415AA3C32DAD987300C4824F /* Preview Content */,
			);
			path = FetchRecipesApp;
			sourceTree = "<group>";
		};
		415AA3C32DAD987300C4824F /* Preview Content */ = {
			isa = PBXGroup;
			children = (
				415AA3C42DAD987300C4824F /* Preview Assets.xcassets */,
			);
			path = "Preview Content";
			sourceTree = "<group>";
		};
		415AA3CD2DAD987400C4824F /* FetchRecipesAppTests */ = {
			isa = PBXGroup;
			children = (
				415AA3CE2DAD987400C4824F /* FetchRecipesAppTests.swift */,
			);
			path = FetchRecipesAppTests;
			sourceTree = "<group>";
		};
		415AA3D72DAD987400C4824F /* FetchRecipesAppUITests */ = {
			isa = PBXGroup;
			children = (
				415AA3D82DAD987400C4824F /* FetchRecipesAppUITests.swift */,
				415AA3DA2DAD987400C4824F /* FetchRecipesAppUITestsLaunchTests.swift */,
			);
			path = FetchRecipesAppUITests;
			sourceTree = "<group>";
		};
		415AA3F52DADA36700C4824F /* Views */ = {
			isa = PBXGroup;
			children = (
				415AA3BD2DAD986C00C4824F /* ContentView.swift */,
				415AA3E72DADA13B00C4824F /* RecipesListView.swift */,
				415AA3F92DADA3F700C4824F /* RecipeCellView.swift */,
				415AA3ED2DADA17D00C4824F /* RecipesDetailView.swift */,
				415AA3FF2DADDBF000C4824F /* RecipesCardView.swift */,
				415AA4142DAECD3400C4824F /* DebugView.swift */,
				41131B922DB0549400232332 /* CachedImage.swift */,
			);
			path = Views;
			sourceTree = "<group>";
		};
		415AA3F62DADA37000C4824F /* ViewModels */ = {
			isa = PBXGroup;
			children = (
				415AA3E92DADA15700C4824F /* RecipesListViewModel.swift */,
				415AA3EB2DADA16900C4824F /* RecipesDetailViewModel.swift */,
			);
			path = ViewModels;
			sourceTree = "<group>";
		};
		415AA3F72DADA38500C4824F /* Models */ = {
			isa = PBXGroup;
			children = (
				415AA3F22DADA31A00C4824F /* Recipes.swift */,
				415AA3F12DADA31A00C4824F /* Recipe.swift */,
				415AA3BF2DAD986C00C4824F /* Item.swift */,
			);
			path = Models;
			sourceTree = "<group>";
		};
		415AA3F82DADA38B00C4824F /* Networking */ = {
			isa = PBXGroup;
			children = (
				415AA3EF2DADA19000C4824F /* NetworkManager.swift */,
				415AA4032DADE85300C4824F /* Constants.swift */,
				415AA4012DADE83C00C4824F /* URLBuilder.swift */,
			);
			path = Networking;
			sourceTree = "<group>";
		};
		415AA4052DADE9B800C4824F /* Utilities */ = {
			isa = PBXGroup;
			children = (
				415AA40A2DADF09D00C4824F /* GCD.swift */,
				415AA40C2DADF0B700C4824F /* ErrorMessages.swift */,
				415AA40E2DAE1B8E00C4824F /* ImageCache.swift */,
				415AA4102DAE1D2400C4824F /* ImageCacheManager.swift */,
				415AA4122DAE1D4400C4824F /* ImageFetcher.swift */,
				41131B902DB043FD00232332 /* CuisineFlags.swift */,
			);
			path = Utilities;
			sourceTree = "<group>";
		};
		415AA4062DADE9C600C4824F /* App */ = {
			isa = PBXGroup;
			children = (
				415AA3BB2DAD986C00C4824F /* FetchRecipesAppApp.swift */,
				415AA3C12DAD987300C4824F /* Assets.xcassets */,
			);
			path = App;
			sourceTree = "<group>";
		};
		415AA4072DADF05A00C4824F /* Extensions */ = {
			isa = PBXGroup;
			children = (
				41131B952DB06AE300232332 /* String+Ext.swift */,
			);
			path = Extensions;
			sourceTree = "<group>";
		};
/* End PBXGroup section */

/* Begin PBXNativeTarget section */
		415AA3B72DAD986C00C4824F /* FetchRecipesApp */ = {
			isa = PBXNativeTarget;
			buildConfigurationList = 415AA3DE2DAD987400C4824F /* Build configuration list for PBXNativeTarget "FetchRecipesApp" */;
			buildPhases = (
				415AA3B42DAD986C00C4824F /* Sources */,
				415AA3B52DAD986C00C4824F /* Frameworks */,
				415AA3B62DAD986C00C4824F /* Resources */,
			);
			buildRules = (
			);
			dependencies = (
			);
			name = FetchRecipesApp;
			productName = FetchRecipesApp;
			productReference = 415AA3B82DAD986C00C4824F /* FetchRecipesApp.app */;
			productType = "com.apple.product-type.application";
		};
		415AA3C92DAD987400C4824F /* FetchRecipesAppTests */ = {
			isa = PBXNativeTarget;
			buildConfigurationList = 415AA3E12DAD987400C4824F /* Build configuration list for PBXNativeTarget "FetchRecipesAppTests" */;
			buildPhases = (
				415AA3C62DAD987400C4824F /* Sources */,
				415AA3C72DAD987400C4824F /* Frameworks */,
				415AA3C82DAD987400C4824F /* Resources */,
			);
			buildRules = (
			);
			dependencies = (
				415AA3CC2DAD987400C4824F /* PBXTargetDependency */,
			);
			name = FetchRecipesAppTests;
			productName = FetchRecipesAppTests;
			productReference = 415AA3CA2DAD987400C4824F /* FetchRecipesAppTests.xctest */;
			productType = "com.apple.product-type.bundle.unit-test";
		};
		415AA3D32DAD987400C4824F /* FetchRecipesAppUITests */ = {
			isa = PBXNativeTarget;
			buildConfigurationList = 415AA3E42DAD987400C4824F /* Build configuration list for PBXNativeTarget "FetchRecipesAppUITests" */;
			buildPhases = (
				415AA3D02DAD987400C4824F /* Sources */,
				415AA3D12DAD987400C4824F /* Frameworks */,
				415AA3D22DAD987400C4824F /* Resources */,
			);
			buildRules = (
			);
			dependencies = (
				415AA3D62DAD987400C4824F /* PBXTargetDependency */,
			);
			name = FetchRecipesAppUITests;
			productName = FetchRecipesAppUITests;
			productReference = 415AA3D42DAD987400C4824F /* FetchRecipesAppUITests.xctest */;
			productType = "com.apple.product-type.bundle.ui-testing";
		};
/* End PBXNativeTarget section */

/* Begin PBXProject section */
		415AA3B02DAD986B00C4824F /* Project object */ = {
			isa = PBXProject;
			attributes = {
				BuildIndependentTargetsInParallel = 1;
				LastSwiftUpdateCheck = 1540;
				LastUpgradeCheck = 1540;
				TargetAttributes = {
					415AA3B72DAD986C00C4824F = {
						CreatedOnToolsVersion = 15.4;
					};
					415AA3C92DAD987400C4824F = {
						CreatedOnToolsVersion = 15.4;
						TestTargetID = 415AA3B72DAD986C00C4824F;
					};
					415AA3D32DAD987400C4824F = {
						CreatedOnToolsVersion = 15.4;
						TestTargetID = 415AA3B72DAD986C00C4824F;
					};
				};
			};
			buildConfigurationList = 415AA3B32DAD986C00C4824F /* Build configuration list for PBXProject "FetchRecipesApp" */;
			compatibilityVersion = "Xcode 14.0";
			developmentRegion = en;
			hasScannedForEncodings = 0;
			knownRegions = (
				en,
				Base,
			);
			mainGroup = 415AA3AF2DAD986B00C4824F;
			productRefGroup = 415AA3B92DAD986C00C4824F /* Products */;
			projectDirPath = "";
			projectRoot = "";
			targets = (
				415AA3B72DAD986C00C4824F /* FetchRecipesApp */,
				415AA3C92DAD987400C4824F /* FetchRecipesAppTests */,
				415AA3D32DAD987400C4824F /* FetchRecipesAppUITests */,
			);
		};
/* End PBXProject section */

/* Begin PBXResourcesBuildPhase section */
		415AA3B62DAD986C00C4824F /* Resources */ = {
			isa = PBXResourcesBuildPhase;
			buildActionMask = 2147483647;
			files = (
				415AA3FC2DADB5FD00C4824F /* recipies.json in Resources */,
				415AA4172DAF0A9100C4824F /* recipiesMalformed.json in Resources */,
				415AA3C52DAD987300C4824F /* Preview Assets.xcassets in Resources */,
				415AA41B2DAF0ACF00C4824F /* recipiesEmpty.json in Resources */,
				415AA3C22DAD987300C4824F /* Assets.xcassets in Resources */,
			);
			runOnlyForDeploymentPostprocessing = 0;
		};
		415AA3C82DAD987400C4824F /* Resources */ = {
			isa = PBXResourcesBuildPhase;
			buildActionMask = 2147483647;
			files = (
			);
			runOnlyForDeploymentPostprocessing = 0;
		};
		415AA3D22DAD987400C4824F /* Resources */ = {
			isa = PBXResourcesBuildPhase;
			buildActionMask = 2147483647;
			files = (
			);
			runOnlyForDeploymentPostprocessing = 0;
		};
/* End PBXResourcesBuildPhase section */

/* Begin PBXSourcesBuildPhase section */
		415AA3B42DAD986C00C4824F /* Sources */ = {
			isa = PBXSourcesBuildPhase;
			buildActionMask = 2147483647;
			files = (
				415AA3BE2DAD986C00C4824F /* ContentView.swift in Sources */,
				415AA3C02DAD986C00C4824F /* Item.swift in Sources */,
				415AA40B2DADF09D00C4824F /* GCD.swift in Sources */,
				415AA4152DAECD3400C4824F /* DebugView.swift in Sources */,
				415AA4002DADDBF000C4824F /* RecipesCardView.swift in Sources */,
				415AA3EA2DADA15700C4824F /* RecipesListViewModel.swift in Sources */,
				415AA4022DADE83C00C4824F /* URLBuilder.swift in Sources */,
				41131B962DB06AE300232332 /* String+Ext.swift in Sources */,
				415AA3F42DADA31B00C4824F /* Recipes.swift in Sources */,
				415AA3EC2DADA16900C4824F /* RecipesDetailViewModel.swift in Sources */,
				415AA4132DAE1D4400C4824F /* ImageFetcher.swift in Sources */,
				415AA3F02DADA19000C4824F /* NetworkManager.swift in Sources */,
				415AA3FA2DADA3F700C4824F /* RecipeCellView.swift in Sources */,
				415AA3E82DADA13B00C4824F /* RecipesListView.swift in Sources */,
				415AA40F2DAE1B8E00C4824F /* ImageCache.swift in Sources */,
				415AA3BC2DAD986C00C4824F /* FetchRecipesAppApp.swift in Sources */,
				41131B932DB0549400232332 /* CachedImage.swift in Sources */,
				41131B912DB043FD00232332 /* CuisineFlags.swift in Sources */,
				415AA4112DAE1D2400C4824F /* ImageCacheManager.swift in Sources */,
				415AA40D2DADF0B700C4824F /* ErrorMessages.swift in Sources */,
				415AA4042DADE85300C4824F /* Constants.swift in Sources */,
				415AA3F32DADA31B00C4824F /* Recipe.swift in Sources */,
				415AA3EE2DADA17D00C4824F /* RecipesDetailView.swift in Sources */,
			);
			runOnlyForDeploymentPostprocessing = 0;
		};
		415AA3C62DAD987400C4824F /* Sources */ = {
			isa = PBXSourcesBuildPhase;
			buildActionMask = 2147483647;
			files = (
				415AA3CF2DAD987400C4824F /* FetchRecipesAppTests.swift in Sources */,
			);
			runOnlyForDeploymentPostprocessing = 0;
		};
		415AA3D02DAD987400C4824F /* Sources */ = {
			isa = PBXSourcesBuildPhase;
			buildActionMask = 2147483647;
			files = (
				415AA3D92DAD987400C4824F /* FetchRecipesAppUITests.swift in Sources */,
				415AA3DB2DAD987400C4824F /* FetchRecipesAppUITestsLaunchTests.swift in Sources */,
			);
			runOnlyForDeploymentPostprocessing = 0;
		};
/* End PBXSourcesBuildPhase section */

/* Begin PBXTargetDependency section */
		415AA3CC2DAD987400C4824F /* PBXTargetDependency */ = {
			isa = PBXTargetDependency;
			target = 415AA3B72DAD986C00C4824F /* FetchRecipesApp */;
			targetProxy = 415AA3CB2DAD987400C4824F /* PBXContainerItemProxy */;
		};
		415AA3D62DAD987400C4824F /* PBXTargetDependency */ = {
			isa = PBXTargetDependency;
			target = 415AA3B72DAD986C00C4824F /* FetchRecipesApp */;
			targetProxy = 415AA3D52DAD987400C4824F /* PBXContainerItemProxy */;
		};
/* End PBXTargetDependency section */

/* Begin XCBuildConfiguration section */
		415AA3DC2DAD987400C4824F /* Debug */ = {
			isa = XCBuildConfiguration;
			buildSettings = {
				ALWAYS_SEARCH_USER_PATHS = NO;
				ASSETCATALOG_COMPILER_GENERATE_SWIFT_ASSET_SYMBOL_EXTENSIONS = YES;
				CLANG_ANALYZER_NONNULL = YES;
				CLANG_ANALYZER_NUMBER_OBJECT_CONVERSION = YES_AGGRESSIVE;
				CLANG_CXX_LANGUAGE_STANDARD = "gnu++20";
				CLANG_ENABLE_MODULES = YES;
				CLANG_ENABLE_OBJC_ARC = YES;
				CLANG_ENABLE_OBJC_WEAK = YES;
				CLANG_WARN_BLOCK_CAPTURE_AUTORELEASING = YES;
				CLANG_WARN_BOOL_CONVERSION = YES;
				CLANG_WARN_COMMA = YES;
				CLANG_WARN_CONSTANT_CONVERSION = YES;
				CLANG_WARN_DEPRECATED_OBJC_IMPLEMENTATIONS = YES;
				CLANG_WARN_DIRECT_OBJC_ISA_USAGE = YES_ERROR;
				CLANG_WARN_DOCUMENTATION_COMMENTS = YES;
				CLANG_WARN_EMPTY_BODY = YES;
				CLANG_WARN_ENUM_CONVERSION = YES;
				CLANG_WARN_INFINITE_RECURSION = YES;
				CLANG_WARN_INT_CONVERSION = YES;
				CLANG_WARN_NON_LITERAL_NULL_CONVERSION = YES;
				CLANG_WARN_OBJC_IMPLICIT_RETAIN_SELF = YES;
				CLANG_WARN_OBJC_LITERAL_CONVERSION = YES;
				CLANG_WARN_OBJC_ROOT_CLASS = YES_ERROR;
				CLANG_WARN_QUOTED_INCLUDE_IN_FRAMEWORK_HEADER = YES;
				CLANG_WARN_RANGE_LOOP_ANALYSIS = YES;
				CLANG_WARN_STRICT_PROTOTYPES = YES;
				CLANG_WARN_SUSPICIOUS_MOVE = YES;
				CLANG_WARN_UNGUARDED_AVAILABILITY = YES_AGGRESSIVE;
				CLANG_WARN_UNREACHABLE_CODE = YES;
				CLANG_WARN__DUPLICATE_METHOD_MATCH = YES;
				COPY_PHASE_STRIP = NO;
				DEBUG_INFORMATION_FORMAT = dwarf;
				ENABLE_STRICT_OBJC_MSGSEND = YES;
				ENABLE_TESTABILITY = YES;
				ENABLE_USER_SCRIPT_SANDBOXING = YES;
				GCC_C_LANGUAGE_STANDARD = gnu17;
				GCC_DYNAMIC_NO_PIC = NO;
				GCC_NO_COMMON_BLOCKS = YES;
				GCC_OPTIMIZATION_LEVEL = 0;
				GCC_PREPROCESSOR_DEFINITIONS = (
					"DEBUG=1",
					"$(inherited)",
				);
				GCC_WARN_64_TO_32_BIT_CONVERSION = YES;
				GCC_WARN_ABOUT_RETURN_TYPE = YES_ERROR;
				GCC_WARN_UNDECLARED_SELECTOR = YES;
				GCC_WARN_UNINITIALIZED_AUTOS = YES_AGGRESSIVE;
				GCC_WARN_UNUSED_FUNCTION = YES;
				GCC_WARN_UNUSED_VARIABLE = YES;
				IPHONEOS_DEPLOYMENT_TARGET = 17.5;
				LOCALIZATION_PREFERS_STRING_CATALOGS = YES;
				MTL_ENABLE_DEBUG_INFO = INCLUDE_SOURCE;
				MTL_FAST_MATH = YES;
				ONLY_ACTIVE_ARCH = YES;
				SDKROOT = iphoneos;
				SWIFT_ACTIVE_COMPILATION_CONDITIONS = "DEBUG $(inherited)";
				SWIFT_OPTIMIZATION_LEVEL = "-Onone";
			};
			name = Debug;
		};
		415AA3DD2DAD987400C4824F /* Release */ = {
			isa = XCBuildConfiguration;
			buildSettings = {
				ALWAYS_SEARCH_USER_PATHS = NO;
				ASSETCATALOG_COMPILER_GENERATE_SWIFT_ASSET_SYMBOL_EXTENSIONS = YES;
				CLANG_ANALYZER_NONNULL = YES;
				CLANG_ANALYZER_NUMBER_OBJECT_CONVERSION = YES_AGGRESSIVE;
				CLANG_CXX_LANGUAGE_STANDARD = "gnu++20";
				CLANG_ENABLE_MODULES = YES;
				CLANG_ENABLE_OBJC_ARC = YES;
				CLANG_ENABLE_OBJC_WEAK = YES;
				CLANG_WARN_BLOCK_CAPTURE_AUTORELEASING = YES;
				CLANG_WARN_BOOL_CONVERSION = YES;
				CLANG_WARN_COMMA = YES;
				CLANG_WARN_CONSTANT_CONVERSION = YES;
				CLANG_WARN_DEPRECATED_OBJC_IMPLEMENTATIONS = YES;
				CLANG_WARN_DIRECT_OBJC_ISA_USAGE = YES_ERROR;
				CLANG_WARN_DOCUMENTATION_COMMENTS = YES;
				CLANG_WARN_EMPTY_BODY = YES;
				CLANG_WARN_ENUM_CONVERSION = YES;
				CLANG_WARN_INFINITE_RECURSION = YES;
				CLANG_WARN_INT_CONVERSION = YES;
				CLANG_WARN_NON_LITERAL_NULL_CONVERSION = YES;
				CLANG_WARN_OBJC_IMPLICIT_RETAIN_SELF = YES;
				CLANG_WARN_OBJC_LITERAL_CONVERSION = YES;
				CLANG_WARN_OBJC_ROOT_CLASS = YES_ERROR;
				CLANG_WARN_QUOTED_INCLUDE_IN_FRAMEWORK_HEADER = YES;
				CLANG_WARN_RANGE_LOOP_ANALYSIS = YES;
				CLANG_WARN_STRICT_PROTOTYPES = YES;
				CLANG_WARN_SUSPICIOUS_MOVE = YES;
				CLANG_WARN_UNGUARDED_AVAILABILITY = YES_AGGRESSIVE;
				CLANG_WARN_UNREACHABLE_CODE = YES;
				CLANG_WARN__DUPLICATE_METHOD_MATCH = YES;
				COPY_PHASE_STRIP = NO;
				DEBUG_INFORMATION_FORMAT = "dwarf-with-dsym";
				ENABLE_NS_ASSERTIONS = NO;
				ENABLE_STRICT_OBJC_MSGSEND = YES;
				ENABLE_USER_SCRIPT_SANDBOXING = YES;
				GCC_C_LANGUAGE_STANDARD = gnu17;
				GCC_NO_COMMON_BLOCKS = YES;
				GCC_WARN_64_TO_32_BIT_CONVERSION = YES;
				GCC_WARN_ABOUT_RETURN_TYPE = YES_ERROR;
				GCC_WARN_UNDECLARED_SELECTOR = YES;
				GCC_WARN_UNINITIALIZED_AUTOS = YES_AGGRESSIVE;
				GCC_WARN_UNUSED_FUNCTION = YES;
				GCC_WARN_UNUSED_VARIABLE = YES;
				IPHONEOS_DEPLOYMENT_TARGET = 17.5;
				LOCALIZATION_PREFERS_STRING_CATALOGS = YES;
				MTL_ENABLE_DEBUG_INFO = NO;
				MTL_FAST_MATH = YES;
				SDKROOT = iphoneos;
				SWIFT_COMPILATION_MODE = wholemodule;
				VALIDATE_PRODUCT = YES;
			};
			name = Release;
		};
		415AA3DF2DAD987400C4824F /* Debug */ = {
			isa = XCBuildConfiguration;
			buildSettings = {
				ASSETCATALOG_COMPILER_APPICON_NAME = AppIcon;
				ASSETCATALOG_COMPILER_GLOBAL_ACCENT_COLOR_NAME = AccentColor;
				CODE_SIGN_STYLE = Automatic;
				CURRENT_PROJECT_VERSION = 1;
				DEVELOPMENT_ASSET_PATHS = "\"FetchRecipesApp/Preview Content\"";
				DEVELOPMENT_TEAM = 3NA78F3F7G;
				ENABLE_PREVIEWS = YES;
				GENERATE_INFOPLIST_FILE = YES;
				INFOPLIST_KEY_UIApplicationSceneManifest_Generation = YES;
				INFOPLIST_KEY_UIApplicationSupportsIndirectInputEvents = YES;
				INFOPLIST_KEY_UILaunchScreen_Generation = YES;
				INFOPLIST_KEY_UISupportedInterfaceOrientations_iPad = "UIInterfaceOrientationPortrait UIInterfaceOrientationPortraitUpsideDown UIInterfaceOrientationLandscapeLeft UIInterfaceOrientationLandscapeRight";
				INFOPLIST_KEY_UISupportedInterfaceOrientations_iPhone = "UIInterfaceOrientationPortrait UIInterfaceOrientationLandscapeLeft UIInterfaceOrientationLandscapeRight";
				LD_RUNPATH_SEARCH_PATHS = (
					"$(inherited)",
					"@executable_path/Frameworks",
				);
				MARKETING_VERSION = 1.0;
				PRODUCT_BUNDLE_IDENTIFIER = com.sean.FetchRecipesApp;
				PRODUCT_NAME = "$(TARGET_NAME)";
				SWIFT_EMIT_LOC_STRINGS = YES;
				SWIFT_VERSION = 5.0;
				TARGETED_DEVICE_FAMILY = "1,2";
			};
			name = Debug;
		};
		415AA3E02DAD987400C4824F /* Release */ = {
			isa = XCBuildConfiguration;
			buildSettings = {
				ASSETCATALOG_COMPILER_APPICON_NAME = AppIcon;
				ASSETCATALOG_COMPILER_GLOBAL_ACCENT_COLOR_NAME = AccentColor;
				CODE_SIGN_STYLE = Automatic;
				CURRENT_PROJECT_VERSION = 1;
				DEVELOPMENT_ASSET_PATHS = "\"FetchRecipesApp/Preview Content\"";
				DEVELOPMENT_TEAM = 3NA78F3F7G;
				ENABLE_PREVIEWS = YES;
				GENERATE_INFOPLIST_FILE = YES;
				INFOPLIST_KEY_UIApplicationSceneManifest_Generation = YES;
				INFOPLIST_KEY_UIApplicationSupportsIndirectInputEvents = YES;
				INFOPLIST_KEY_UILaunchScreen_Generation = YES;
				INFOPLIST_KEY_UISupportedInterfaceOrientations_iPad = "UIInterfaceOrientationPortrait UIInterfaceOrientationPortraitUpsideDown UIInterfaceOrientationLandscapeLeft UIInterfaceOrientationLandscapeRight";
				INFOPLIST_KEY_UISupportedInterfaceOrientations_iPhone = "UIInterfaceOrientationPortrait UIInterfaceOrientationLandscapeLeft UIInterfaceOrientationLandscapeRight";
				LD_RUNPATH_SEARCH_PATHS = (
					"$(inherited)",
					"@executable_path/Frameworks",
				);
				MARKETING_VERSION = 1.0;
				PRODUCT_BUNDLE_IDENTIFIER = com.sean.FetchRecipesApp;
				PRODUCT_NAME = "$(TARGET_NAME)";
				SWIFT_EMIT_LOC_STRINGS = YES;
				SWIFT_VERSION = 5.0;
				TARGETED_DEVICE_FAMILY = "1,2";
			};
			name = Release;
		};
		415AA3E22DAD987400C4824F /* Debug */ = {
			isa = XCBuildConfiguration;
			buildSettings = {
				ALWAYS_EMBED_SWIFT_STANDARD_LIBRARIES = YES;
				BUNDLE_LOADER = "$(TEST_HOST)";
				CODE_SIGN_STYLE = Automatic;
				CURRENT_PROJECT_VERSION = 1;
				DEVELOPMENT_TEAM = 3NA78F3F7G;
				GENERATE_INFOPLIST_FILE = YES;
				IPHONEOS_DEPLOYMENT_TARGET = 17.5;
				MARKETING_VERSION = 1.0;
				PRODUCT_BUNDLE_IDENTIFIER = com.sean.FetchRecipesAppTests;
				PRODUCT_NAME = "$(TARGET_NAME)";
				SWIFT_EMIT_LOC_STRINGS = NO;
				SWIFT_VERSION = 5.0;
				TARGETED_DEVICE_FAMILY = "1,2";
				TEST_HOST = "$(BUILT_PRODUCTS_DIR)/FetchRecipesApp.app/$(BUNDLE_EXECUTABLE_FOLDER_PATH)/FetchRecipesApp";
			};
			name = Debug;
		};
		415AA3E32DAD987400C4824F /* Release */ = {
			isa = XCBuildConfiguration;
			buildSettings = {
				ALWAYS_EMBED_SWIFT_STANDARD_LIBRARIES = YES;
				BUNDLE_LOADER = "$(TEST_HOST)";
				CODE_SIGN_STYLE = Automatic;
				CURRENT_PROJECT_VERSION = 1;
				DEVELOPMENT_TEAM = 3NA78F3F7G;
				GENERATE_INFOPLIST_FILE = YES;
				IPHONEOS_DEPLOYMENT_TARGET = 17.5;
				MARKETING_VERSION = 1.0;
				PRODUCT_BUNDLE_IDENTIFIER = com.sean.FetchRecipesAppTests;
				PRODUCT_NAME = "$(TARGET_NAME)";
				SWIFT_EMIT_LOC_STRINGS = NO;
				SWIFT_VERSION = 5.0;
				TARGETED_DEVICE_FAMILY = "1,2";
				TEST_HOST = "$(BUILT_PRODUCTS_DIR)/FetchRecipesApp.app/$(BUNDLE_EXECUTABLE_FOLDER_PATH)/FetchRecipesApp";
			};
			name = Release;
		};
		415AA3E52DAD987400C4824F /* Debug */ = {
			isa = XCBuildConfiguration;
			buildSettings = {
				ALWAYS_EMBED_SWIFT_STANDARD_LIBRARIES = YES;
				CODE_SIGN_STYLE = Automatic;
				CURRENT_PROJECT_VERSION = 1;
				DEVELOPMENT_TEAM = 3NA78F3F7G;
				GENERATE_INFOPLIST_FILE = YES;
				MARKETING_VERSION = 1.0;
				PRODUCT_BUNDLE_IDENTIFIER = com.sean.FetchRecipesAppUITests;
				PRODUCT_NAME = "$(TARGET_NAME)";
				SWIFT_EMIT_LOC_STRINGS = NO;
				SWIFT_VERSION = 5.0;
				TARGETED_DEVICE_FAMILY = "1,2";
				TEST_TARGET_NAME = FetchRecipesApp;
			};
			name = Debug;
		};
		415AA3E62DAD987400C4824F /* Release */ = {
			isa = XCBuildConfiguration;
			buildSettings = {
				ALWAYS_EMBED_SWIFT_STANDARD_LIBRARIES = YES;
				CODE_SIGN_STYLE = Automatic;
				CURRENT_PROJECT_VERSION = 1;
				DEVELOPMENT_TEAM = 3NA78F3F7G;
				GENERATE_INFOPLIST_FILE = YES;
				MARKETING_VERSION = 1.0;
				PRODUCT_BUNDLE_IDENTIFIER = com.sean.FetchRecipesAppUITests;
				PRODUCT_NAME = "$(TARGET_NAME)";
				SWIFT_EMIT_LOC_STRINGS = NO;
				SWIFT_VERSION = 5.0;
				TARGETED_DEVICE_FAMILY = "1,2";
				TEST_TARGET_NAME = FetchRecipesApp;
			};
			name = Release;
		};
/* End XCBuildConfiguration section */

/* Begin XCConfigurationList section */
		415AA3B32DAD986C00C4824F /* Build configuration list for PBXProject "FetchRecipesApp" */ = {
			isa = XCConfigurationList;
			buildConfigurations = (
				415AA3DC2DAD987400C4824F /* Debug */,
				415AA3DD2DAD987400C4824F /* Release */,
			);
			defaultConfigurationIsVisible = 0;
			defaultConfigurationName = Release;
		};
		415AA3DE2DAD987400C4824F /* Build configuration list for PBXNativeTarget "FetchRecipesApp" */ = {
			isa = XCConfigurationList;
			buildConfigurations = (
				415AA3DF2DAD987400C4824F /* Debug */,
				415AA3E02DAD987400C4824F /* Release */,
			);
			defaultConfigurationIsVisible = 0;
			defaultConfigurationName = Release;
		};
		415AA3E12DAD987400C4824F /* Build configuration list for PBXNativeTarget "FetchRecipesAppTests" */ = {
			isa = XCConfigurationList;
			buildConfigurations = (
				415AA3E22DAD987400C4824F /* Debug */,
				415AA3E32DAD987400C4824F /* Release */,
			);
			defaultConfigurationIsVisible = 0;
			defaultConfigurationName = Release;
		};
		415AA3E42DAD987400C4824F /* Build configuration list for PBXNativeTarget "FetchRecipesAppUITests" */ = {
			isa = XCConfigurationList;
			buildConfigurations = (
				415AA3E52DAD987400C4824F /* Debug */,
				415AA3E62DAD987400C4824F /* Release */,
			);
			defaultConfigurationIsVisible = 0;
			defaultConfigurationName = Release;
		};
/* End XCConfigurationList section */
	};
	rootObject = 415AA3B02DAD986B00C4824F /* Project object */;
}
